// !$*UTF8*$!
{
	archiveVersion = 1;
	classes = {
	};
	objectVersion = 46;
	objects = {

/* Begin PBXBuildFile section */
		4353EFF91D48A573007D0072 /* ForumParser.swift in Sources */ = {isa = PBXBuildFile; fileRef = 4353EFF81D48A573007D0072 /* ForumParser.swift */; };
		43F541861D46119D00E2EF84 /* AppDelegate.swift in Sources */ = {isa = PBXBuildFile; fileRef = 43F541851D46119D00E2EF84 /* AppDelegate.swift */; };
		43F541881D46119D00E2EF84 /* MasterViewController.swift in Sources */ = {isa = PBXBuildFile; fileRef = 43F541871D46119D00E2EF84 /* MasterViewController.swift */; };
		43F5418A1D46119D00E2EF84 /* DetailViewController.swift in Sources */ = {isa = PBXBuildFile; fileRef = 43F541891D46119D00E2EF84 /* DetailViewController.swift */; };
		43F5418D1D46119D00E2EF84 /* Main.storyboard in Resources */ = {isa = PBXBuildFile; fileRef = 43F5418B1D46119D00E2EF84 /* Main.storyboard */; };
		43F5418F1D46119D00E2EF84 /* Assets.xcassets in Resources */ = {isa = PBXBuildFile; fileRef = 43F5418E1D46119D00E2EF84 /* Assets.xcassets */; };
		43F541921D46119D00E2EF84 /* LaunchScreen.storyboard in Resources */ = {isa = PBXBuildFile; fileRef = 43F541901D46119D00E2EF84 /* LaunchScreen.storyboard */; };
		8124D6D11D4862D000641B42 /* ForumObject.swift in Sources */ = {isa = PBXBuildFile; fileRef = 8124D6D01D4862D000641B42 /* ForumObject.swift */; };
		8124D6D31D4869E800641B42 /* HeaderObject.swift in Sources */ = {isa = PBXBuildFile; fileRef = 8124D6D21D4869E800641B42 /* HeaderObject.swift */; };
		81C4D0BD1D4F4BAC00B86D5A /* MessagesViewController.swift in Sources */ = {isa = PBXBuildFile; fileRef = 81C4D0BC1D4F4BAC00B86D5A /* MessagesViewController.swift */; };
		81C4D0C01D4F4CAA00B86D5A /* MessageViewController.swift in Sources */ = {isa = PBXBuildFile; fileRef = 81C4D0BE1D4F4CAA00B86D5A /* MessageViewController.swift */; };
		81C4D0C11D4F4CAA00B86D5A /* String+HTML.swift in Sources */ = {isa = PBXBuildFile; fileRef = 81C4D0BF1D4F4CAA00B86D5A /* String+HTML.swift */; };
		DCBE9A8C57E209AFC08A883C /* Pods_Forum.framework in Frameworks */ = {isa = PBXBuildFile; fileRef = B490CDC2E79E79CDB7C64896 /* Pods_Forum.framework */; };
/* End PBXBuildFile section */

/* Begin PBXFileReference section */
		42D849E1816E0BFCF1679576 /* Pods-Forum.debug.xcconfig */ = {isa = PBXFileReference; includeInIndex = 1; lastKnownFileType = text.xcconfig; name = "Pods-Forum.debug.xcconfig"; path = "Pods/Target Support Files/Pods-Forum/Pods-Forum.debug.xcconfig"; sourceTree = "<group>"; };
		4353EFF81D48A573007D0072 /* ForumParser.swift */ = {isa = PBXFileReference; fileEncoding = 4; lastKnownFileType = sourcecode.swift; path = ForumParser.swift; sourceTree = SOURCE_ROOT; };
		43F541821D46119D00E2EF84 /* Forum.app */ = {isa = PBXFileReference; explicitFileType = wrapper.application; includeInIndex = 0; path = Forum.app; sourceTree = BUILT_PRODUCTS_DIR; };
		43F541851D46119D00E2EF84 /* AppDelegate.swift */ = {isa = PBXFileReference; lastKnownFileType = sourcecode.swift; path = AppDelegate.swift; sourceTree = "<group>"; };
		43F541871D46119D00E2EF84 /* MasterViewController.swift */ = {isa = PBXFileReference; lastKnownFileType = sourcecode.swift; path = MasterViewController.swift; sourceTree = "<group>"; };
		43F541891D46119D00E2EF84 /* DetailViewController.swift */ = {isa = PBXFileReference; lastKnownFileType = sourcecode.swift; path = DetailViewController.swift; sourceTree = "<group>"; };
		43F5418C1D46119D00E2EF84 /* Base */ = {isa = PBXFileReference; lastKnownFileType = file.storyboard; name = Base; path = Base.lproj/Main.storyboard; sourceTree = "<group>"; };
		43F5418E1D46119D00E2EF84 /* Assets.xcassets */ = {isa = PBXFileReference; lastKnownFileType = folder.assetcatalog; path = Assets.xcassets; sourceTree = "<group>"; };
		43F541911D46119D00E2EF84 /* Base */ = {isa = PBXFileReference; lastKnownFileType = file.storyboard; name = Base; path = Base.lproj/LaunchScreen.storyboard; sourceTree = "<group>"; };
		43F541931D46119D00E2EF84 /* Info.plist */ = {isa = PBXFileReference; lastKnownFileType = text.plist.xml; path = Info.plist; sourceTree = "<group>"; };
		8124D6D01D4862D000641B42 /* ForumObject.swift */ = {isa = PBXFileReference; fileEncoding = 4; lastKnownFileType = sourcecode.swift; path = ForumObject.swift; sourceTree = "<group>"; };
		8124D6D21D4869E800641B42 /* HeaderObject.swift */ = {isa = PBXFileReference; fileEncoding = 4; lastKnownFileType = sourcecode.swift; path = HeaderObject.swift; sourceTree = "<group>"; };
		81C4D0BC1D4F4BAC00B86D5A /* MessagesViewController.swift */ = {isa = PBXFileReference; fileEncoding = 4; lastKnownFileType = sourcecode.swift; path = MessagesViewController.swift; sourceTree = "<group>"; };
		81C4D0BE1D4F4CAA00B86D5A /* MessageViewController.swift */ = {isa = PBXFileReference; fileEncoding = 4; lastKnownFileType = sourcecode.swift; path = MessageViewController.swift; sourceTree = "<group>"; };
		81C4D0BF1D4F4CAA00B86D5A /* String+HTML.swift */ = {isa = PBXFileReference; fileEncoding = 4; lastKnownFileType = sourcecode.swift; path = "String+HTML.swift"; sourceTree = "<group>"; };
		9E7316EBFC55C284C3ACE5FC /* Pods-Forum.release.xcconfig */ = {isa = PBXFileReference; includeInIndex = 1; lastKnownFileType = text.xcconfig; name = "Pods-Forum.release.xcconfig"; path = "Pods/Target Support Files/Pods-Forum/Pods-Forum.release.xcconfig"; sourceTree = "<group>"; };
		B490CDC2E79E79CDB7C64896 /* Pods_Forum.framework */ = {isa = PBXFileReference; explicitFileType = wrapper.framework; includeInIndex = 0; path = Pods_Forum.framework; sourceTree = BUILT_PRODUCTS_DIR; };
/* End PBXFileReference section */

/* Begin PBXFrameworksBuildPhase section */
		43F5417F1D46119D00E2EF84 /* Frameworks */ = {
			isa = PBXFrameworksBuildPhase;
			buildActionMask = 2147483647;
			files = (
				DCBE9A8C57E209AFC08A883C /* Pods_Forum.framework in Frameworks */,
			);
			runOnlyForDeploymentPostprocessing = 0;
		};
/* End PBXFrameworksBuildPhase section */

/* Begin PBXGroup section */
		43F541791D46119D00E2EF84 = {
			isa = PBXGroup;
			children = (
				43F541841D46119D00E2EF84 /* Forum */,
				43F541831D46119D00E2EF84 /* Products */,
				9B401B22663CDBF1062499CD /* Pods */,
				4AD4B218C24F9B481E0433AB /* Frameworks */,
			);
			sourceTree = "<group>";
		};
		43F541831D46119D00E2EF84 /* Products */ = {
			isa = PBXGroup;
			children = (
				43F541821D46119D00E2EF84 /* Forum.app */,
			);
			name = Products;
			sourceTree = "<group>";
		};
		43F541841D46119D00E2EF84 /* Forum */ = {
			isa = PBXGroup;
			children = (
				43F541851D46119D00E2EF84 /* AppDelegate.swift */,
				43F541871D46119D00E2EF84 /* MasterViewController.swift */,
				43F541891D46119D00E2EF84 /* DetailViewController.swift */,
				81C4D0BC1D4F4BAC00B86D5A /* MessagesViewController.swift */,
				81C4D0BE1D4F4CAA00B86D5A /* MessageViewController.swift */,
				81C4D0BF1D4F4CAA00B86D5A /* String+HTML.swift */,
				4353EFF81D48A573007D0072 /* ForumParser.swift */,
				8124D6D01D4862D000641B42 /* ForumObject.swift */,
				8124D6D21D4869E800641B42 /* HeaderObject.swift */,
				43F5418B1D46119D00E2EF84 /* Main.storyboard */,
				43F5418E1D46119D00E2EF84 /* Assets.xcassets */,
				43F541901D46119D00E2EF84 /* LaunchScreen.storyboard */,
				43F541931D46119D00E2EF84 /* Info.plist */,
			);
			path = Forum;
			sourceTree = "<group>";
		};
		4AD4B218C24F9B481E0433AB /* Frameworks */ = {
			isa = PBXGroup;
			children = (
				B490CDC2E79E79CDB7C64896 /* Pods_Forum.framework */,
			);
			name = Frameworks;
			sourceTree = "<group>";
		};
		9B401B22663CDBF1062499CD /* Pods */ = {
			isa = PBXGroup;
			children = (
				42D849E1816E0BFCF1679576 /* Pods-Forum.debug.xcconfig */,
				9E7316EBFC55C284C3ACE5FC /* Pods-Forum.release.xcconfig */,
			);
			name = Pods;
			sourceTree = "<group>";
		};
/* End PBXGroup section */

/* Begin PBXNativeTarget section */
		43F541811D46119D00E2EF84 /* Forum */ = {
			isa = PBXNativeTarget;
			buildConfigurationList = 43F541961D46119D00E2EF84 /* Build configuration list for PBXNativeTarget "Forum" */;
			buildPhases = (
				97DB76A994427990E00DD3E9 /* [CP] Check Pods Manifest.lock */,
				43F5417E1D46119D00E2EF84 /* Sources */,
				43F5417F1D46119D00E2EF84 /* Frameworks */,
				43F541801D46119D00E2EF84 /* Resources */,
				5CED6D74AFAD05AE037C3D81 /* [CP] Embed Pods Frameworks */,
				E81DE3B0EC471BF1C83953AD /* [CP] Copy Pods Resources */,
			);
			buildRules = (
			);
			dependencies = (
			);
			name = Forum;
			productName = Forum;
			productReference = 43F541821D46119D00E2EF84 /* Forum.app */;
			productType = "com.apple.product-type.application";
		};
/* End PBXNativeTarget section */

/* Begin PBXProject section */
		43F5417A1D46119D00E2EF84 /* Project object */ = {
			isa = PBXProject;
			attributes = {
				LastSwiftUpdateCheck = 0720;
				LastUpgradeCheck = 0720;
				ORGANIZATIONNAME = Konstantin;
				TargetAttributes = {
					43F541811D46119D00E2EF84 = {
						CreatedOnToolsVersion = 7.2;
					};
				};
			};
			buildConfigurationList = 43F5417D1D46119D00E2EF84 /* Build configuration list for PBXProject "Forum" */;
			compatibilityVersion = "Xcode 3.2";
			developmentRegion = English;
			hasScannedForEncodings = 0;
			knownRegions = (
				en,
				Base,
			);
			mainGroup = 43F541791D46119D00E2EF84;
			productRefGroup = 43F541831D46119D00E2EF84 /* Products */;
			projectDirPath = "";
			projectRoot = "";
			targets = (
				43F541811D46119D00E2EF84 /* Forum */,
			);
		};
/* End PBXProject section */

/* Begin PBXResourcesBuildPhase section */
		43F541801D46119D00E2EF84 /* Resources */ = {
			isa = PBXResourcesBuildPhase;
			buildActionMask = 2147483647;
			files = (
				43F541921D46119D00E2EF84 /* LaunchScreen.storyboard in Resources */,
				43F5418F1D46119D00E2EF84 /* Assets.xcassets in Resources */,
				43F5418D1D46119D00E2EF84 /* Main.storyboard in Resources */,
			);
			runOnlyForDeploymentPostprocessing = 0;
		};
/* End PBXResourcesBuildPhase section */

/* Begin PBXShellScriptBuildPhase section */
		5CED6D74AFAD05AE037C3D81 /* [CP] Embed Pods Frameworks */ = {
			isa = PBXShellScriptBuildPhase;
			buildActionMask = 2147483647;
			files = (
			);
			inputPaths = (
			);
			name = "[CP] Embed Pods Frameworks";
			outputPaths = (
			);
			runOnlyForDeploymentPostprocessing = 0;
			shellPath = /bin/sh;
			shellScript = "\"${SRCROOT}/Pods/Target Support Files/Pods-Forum/Pods-Forum-frameworks.sh\"\n";
			showEnvVarsInLog = 0;
		};
		97DB76A994427990E00DD3E9 /* [CP] Check Pods Manifest.lock */ = {
			isa = PBXShellScriptBuildPhase;
			buildActionMask = 2147483647;
			files = (
			);
			inputPaths = (
			);
			name = "[CP] Check Pods Manifest.lock";
			outputPaths = (
			);
			runOnlyForDeploymentPostprocessing = 0;
			shellPath = /bin/sh;
			shellScript = "diff \"${PODS_ROOT}/../Podfile.lock\" \"${PODS_ROOT}/Manifest.lock\" > /dev/null\nif [[ $? != 0 ]] ; then\n    cat << EOM\nerror: The sandbox is not in sync with the Podfile.lock. Run 'pod install' or update your CocoaPods installation.\nEOM\n    exit 1\nfi\n";
			showEnvVarsInLog = 0;
		};
		E81DE3B0EC471BF1C83953AD /* [CP] Copy Pods Resources */ = {
			isa = PBXShellScriptBuildPhase;
			buildActionMask = 2147483647;
			files = (
			);
			inputPaths = (
			);
			name = "[CP] Copy Pods Resources";
			outputPaths = (
			);
			runOnlyForDeploymentPostprocessing = 0;
			shellPath = /bin/sh;
			shellScript = "\"${SRCROOT}/Pods/Target Support Files/Pods-Forum/Pods-Forum-resources.sh\"\n";
			showEnvVarsInLog = 0;
		};
/* End PBXShellScriptBuildPhase section */

/* Begin PBXSourcesBuildPhase section */
		43F5417E1D46119D00E2EF84 /* Sources */ = {
			isa = PBXSourcesBuildPhase;
			buildActionMask = 2147483647;
			files = (
				4353EFF91D48A573007D0072 /* ForumParser.swift in Sources */,
				8124D6D31D4869E800641B42 /* HeaderObject.swift in Sources */,
				81C4D0C01D4F4CAA00B86D5A /* MessageViewController.swift in Sources */,
				8124D6D11D4862D000641B42 /* ForumObject.swift in Sources */,
				43F5418A1D46119D00E2EF84 /* DetailViewController.swift in Sources */,
				81C4D0BD1D4F4BAC00B86D5A /* MessagesViewController.swift in Sources */,
				81C4D0C11D4F4CAA00B86D5A /* String+HTML.swift in Sources */,
				43F541881D46119D00E2EF84 /* MasterViewController.swift in Sources */,
				43F541861D46119D00E2EF84 /* AppDelegate.swift in Sources */,
			);
			runOnlyForDeploymentPostprocessing = 0;
		};
/* End PBXSourcesBuildPhase section */

/* Begin PBXVariantGroup section */
		43F5418B1D46119D00E2EF84 /* Main.storyboard */ = {
			isa = PBXVariantGroup;
			children = (
				43F5418C1D46119D00E2EF84 /* Base */,
			);
			name = Main.storyboard;
			sourceTree = "<group>";
		};
		43F541901D46119D00E2EF84 /* LaunchScreen.storyboard */ = {
			isa = PBXVariantGroup;
			children = (
				43F541911D46119D00E2EF84 /* Base */,
			);
			name = LaunchScreen.storyboard;
			sourceTree = "<group>";
		};
/* End PBXVariantGroup section */

/* Begin XCBuildConfiguration section */
		43F541941D46119D00E2EF84 /* Debug */ = {
			isa = XCBuildConfiguration;
			buildSettings = {
				ALWAYS_SEARCH_USER_PATHS = NO;
				CLANG_CXX_LANGUAGE_STANDARD = "gnu++0x";
				CLANG_CXX_LIBRARY = "libc++";
				CLANG_ENABLE_MODULES = YES;
				CLANG_ENABLE_OBJC_ARC = YES;
				CLANG_WARN_BOOL_CONVERSION = YES;
				CLANG_WARN_CONSTANT_CONVERSION = YES;
				CLANG_WARN_DIRECT_OBJC_ISA_USAGE = YES_ERROR;
				CLANG_WARN_EMPTY_BODY = YES;
				CLANG_WARN_ENUM_CONVERSION = YES;
				CLANG_WARN_INT_CONVERSION = YES;
				CLANG_WARN_OBJC_ROOT_CLASS = YES_ERROR;
				CLANG_WARN_UNREACHABLE_CODE = YES;
				CLANG_WARN__DUPLICATE_METHOD_MATCH = YES;
				"CODE_SIGN_IDENTITY[sdk=iphoneos*]" = "iPhone Developer";
				COPY_PHASE_STRIP = NO;
				DEBUG_INFORMATION_FORMAT = dwarf;
				ENABLE_STRICT_OBJC_MSGSEND = YES;
				ENABLE_TESTABILITY = YES;
				GCC_C_LANGUAGE_STANDARD = gnu99;
				GCC_DYNAMIC_NO_PIC = NO;
				GCC_NO_COMMON_BLOCKS = YES;
				GCC_OPTIMIZATION_LEVEL = 0;
				GCC_PREPROCESSOR_DEFINITIONS = (
					"DEBUG=1",
					"$(inherited)",
				);
				GCC_WARN_64_TO_32_BIT_CONVERSION = YES;
				GCC_WARN_ABOUT_RETURN_TYPE = YES_ERROR;
				GCC_WARN_UNDECLARED_SELECTOR = YES;
				GCC_WARN_UNINITIALIZED_AUTOS = YES_AGGRESSIVE;
				GCC_WARN_UNUSED_FUNCTION = YES;
				GCC_WARN_UNUSED_VARIABLE = YES;
				IPHONEOS_DEPLOYMENT_TARGET = 9.2;
				MTL_ENABLE_DEBUG_INFO = YES;
				ONLY_ACTIVE_ARCH = YES;
				SDKROOT = iphoneos;
				SWIFT_OPTIMIZATION_LEVEL = "-Onone";
				TARGETED_DEVICE_FAMILY = "1,2";
			};
			name = Debug;
		};
		43F541951D46119D00E2EF84 /* Release */ = {
			isa = XCBuildConfiguration;
			buildSettings = {
				ALWAYS_SEARCH_USER_PATHS = NO;
				CLANG_CXX_LANGUAGE_STANDARD = "gnu++0x";
				CLANG_CXX_LIBRARY = "libc++";
				CLANG_ENABLE_MODULES = YES;
				CLANG_ENABLE_OBJC_ARC = YES;
				CLANG_WARN_BOOL_CONVERSION = YES;
				CLANG_WARN_CONSTANT_CONVERSION = YES;
				CLANG_WARN_DIRECT_OBJC_ISA_USAGE = YES_ERROR;
				CLANG_WARN_EMPTY_BODY = YES;
				CLANG_WARN_ENUM_CONVERSION = YES;
				CLANG_WARN_INT_CONVERSION = YES;
				CLANG_WARN_OBJC_ROOT_CLASS = YES_ERROR;
				CLANG_WARN_UNREACHABLE_CODE = YES;
				CLANG_WARN__DUPLICATE_METHOD_MATCH = YES;
				"CODE_SIGN_IDENTITY[sdk=iphoneos*]" = "iPhone Developer";
				COPY_PHASE_STRIP = NO;
				DEBUG_INFORMATION_FORMAT = "dwarf-with-dsym";
				ENABLE_NS_ASSERTIONS = NO;
				ENABLE_STRICT_OBJC_MSGSEND = YES;
				GCC_C_LANGUAGE_STANDARD = gnu99;
				GCC_NO_COMMON_BLOCKS = YES;
				GCC_WARN_64_TO_32_BIT_CONVERSION = YES;
				GCC_WARN_ABOUT_RETURN_TYPE = YES_ERROR;
				GCC_WARN_UNDECLARED_SELECTOR = YES;
				GCC_WARN_UNINITIALIZED_AUTOS = YES_AGGRESSIVE;
				GCC_WARN_UNUSED_FUNCTION = YES;
				GCC_WARN_UNUSED_VARIABLE = YES;
				IPHONEOS_DEPLOYMENT_TARGET = 9.2;
				MTL_ENABLE_DEBUG_INFO = NO;
				SDKROOT = iphoneos;
				TARGETED_DEVICE_FAMILY = "1,2";
				VALIDATE_PRODUCT = YES;
			};
			name = Release;
		};
		43F541971D46119D00E2EF84 /* Debug */ = {
			isa = XCBuildConfiguration;
			baseConfigurationReference = 42D849E1816E0BFCF1679576 /* Pods-Forum.debug.xcconfig */;
			buildSettings = {
				ASSETCATALOG_COMPILER_APPICON_NAME = AppIcon;
				INFOPLIST_FILE = Forum/Info.plist;
				LD_RUNPATH_SEARCH_PATHS = "$(inherited) @executable_path/Frameworks";
				PRODUCT_BUNDLE_IDENTIFIER = NK.Forum;
				PRODUCT_NAME = "$(TARGET_NAME)";
			};
			name = Debug;
		};
		43F541981D46119D00E2EF84 /* Release */ = {
			isa = XCBuildConfiguration;
			baseConfigurationReference = 9E7316EBFC55C284C3ACE5FC /* Pods-Forum.release.xcconfig */;
			buildSettings = {
				ASSETCATALOG_COMPILER_APPICON_NAME = AppIcon;
				INFOPLIST_FILE = Forum/Info.plist;
				LD_RUNPATH_SEARCH_PATHS = "$(inherited) @executable_path/Frameworks";
				PRODUCT_BUNDLE_IDENTIFIER = NK.Forum;
				PRODUCT_NAME = "$(TARGET_NAME)";
			};
			name = Release;
		};
/* End XCBuildConfiguration section */

/* Begin XCConfigurationList section */
		43F5417D1D46119D00E2EF84 /* Build configuration list for PBXProject "Forum" */ = {
			isa = XCConfigurationList;
			buildConfigurations = (
				43F541941D46119D00E2EF84 /* Debug */,
				43F541951D46119D00E2EF84 /* Release */,
			);
			defaultConfigurationIsVisible = 0;
			defaultConfigurationName = Release;
		};
		43F541961D46119D00E2EF84 /* Build configuration list for PBXNativeTarget "Forum" */ = {
			isa = XCConfigurationList;
			buildConfigurations = (
				43F541971D46119D00E2EF84 /* Debug */,
				43F541981D46119D00E2EF84 /* Release */,
			);
			defaultConfigurationIsVisible = 0;
			defaultConfigurationName = Release;
		};
/* End XCConfigurationList section */
	};
	rootObject = 43F5417A1D46119D00E2EF84 /* Project object */;
}
